
Microsoft Visual Studio Solution File, Format Version 12.00
# Visual Studio Version 17
VisualStudioVersion = 17.0.32014.148
MinimumVisualStudioVersion = 10.0.40219.1
Project("{FAE04EC0-301F-11D3-BF4B-00C04F79EFBC}") = "MenaxhimiKinemas", "MenaxhimiKinemas.csproj", "{8BF4BC6A-B963-4FE7-8659-7BF982ADD5CA}"
EndProject
Global
	GlobalSection(SolutionConfigurationPlatforms) = preSolution
		Debug|Any CPU = Debug|Any CPU
		Release|Any CPU = Release|Any CPU
	EndGlobalSection
	GlobalSection(ProjectConfigurationPlatforms) = postSolution
		{8BF4BC6A-B963-4FE7-8659-7BF982ADD5CA}.Debug|Any CPU.ActiveCfg = Debug|Any CPU
		{8BF4BC6A-B963-4FE7-8659-7BF982ADD5CA}.Debug|Any CPU.Build.0 = Debug|Any CPU
		{8BF4BC6A-B963-4FE7-8659-7BF982ADD5CA}.Release|Any CPU.ActiveCfg = Release|Any CPU
		{8BF4BC6A-B963-4FE7-8659-7BF982ADD5CA}.Release|Any CPU.Build.0 = Release|Any CPU
	EndGlobalSection
	GlobalSection(SolutionProperties) = preSolution
		HideSolutionNode = FALSE
	EndGlobalSection
	GlobalSection(ExtensibilityGlobals) = postSolution
		SolutionGuid = {08A7F44B-B069-4127-A6CD-40D95F0C9596}
	EndGlobalSection
EndGlobal
